
Microsoft Visual Studio Solution File, Format Version 12.00
# Visual Studio Version 16
VisualStudioVersion = 16.0.30907.101
MinimumVisualStudioVersion = 10.0.40219.1
Project("{FAE04EC0-301F-11D3-BF4B-00C04F79EFBC}") = "TimeServer", "TimeServer.csproj", "{82F4C4FA-06C2-4AE5-9A73-CF1337B8C5A0}"
EndProject
Global
	GlobalSection(SolutionConfigurationPlatforms) = preSolution
		Debug|Any CPU = Debug|Any CPU
		Release|Any CPU = Release|Any CPU
	EndGlobalSection
	GlobalSection(ProjectConfigurationPlatforms) = postSolution
		{82F4C4FA-06C2-4AE5-9A73-CF1337B8C5A0}.Debug|Any CPU.ActiveCfg = Debug|Any CPU
		{82F4C4FA-06C2-4AE5-9A73-CF1337B8C5A0}.Debug|Any CPU.Build.0 = Debug|Any CPU
		{82F4C4FA-06C2-4AE5-9A73-CF1337B8C5A0}.Release|Any CPU.ActiveCfg = Release|Any CPU
		{82F4C4FA-06C2-4AE5-9A73-CF1337B8C5A0}.Release|Any CPU.Build.0 = Release|Any CPU
	EndGlobalSection
	GlobalSection(SolutionProperties) = preSolution
		HideSolutionNode = FALSE
	EndGlobalSection
	GlobalSection(ExtensibilityGlobals) = postSolution
		SolutionGuid = {316536F9-781E-4156-AD8D-65B0094A0FF5}
	EndGlobalSection
EndGlobal
